// !$*UTF8*$!
{
	archiveVersion = 1;
	classes = {
	};
	objectVersion = 53;
	objects = {

/* Begin PBXBuildFile section */
		950A9F53293F31BA00EBB097 /* AppDelegate.swift in Sources */ = {isa = PBXBuildFile; fileRef = 950A9F52293F31BA00EBB097 /* AppDelegate.swift */; };
		950A9F55293F31BA00EBB097 /* SceneDelegate.swift in Sources */ = {isa = PBXBuildFile; fileRef = 950A9F54293F31BA00EBB097 /* SceneDelegate.swift */; };
		950A9F57293F31BA00EBB097 /* WeatherView.swift in Sources */ = {isa = PBXBuildFile; fileRef = 950A9F56293F31BA00EBB097 /* WeatherView.swift */; };
		950A9F5C293F31BC00EBB097 /* Assets.xcassets in Resources */ = {isa = PBXBuildFile; fileRef = 950A9F5B293F31BC00EBB097 /* Assets.xcassets */; };
		950A9F5F293F31BC00EBB097 /* LaunchScreen.storyboard in Resources */ = {isa = PBXBuildFile; fileRef = 950A9F5D293F31BC00EBB097 /* LaunchScreen.storyboard */; };
		950A9F70293F370600EBB097 /* WeatherPresenter.swift in Sources */ = {isa = PBXBuildFile; fileRef = 950A9F6F293F370600EBB097 /* WeatherPresenter.swift */; };
		950A9F72293F370F00EBB097 /* WeatherRouter.swift in Sources */ = {isa = PBXBuildFile; fileRef = 950A9F71293F370F00EBB097 /* WeatherRouter.swift */; };
		950A9F74293F371400EBB097 /* Model.swift in Sources */ = {isa = PBXBuildFile; fileRef = 950A9F73293F371400EBB097 /* Model.swift */; };
		950A9F78293F485D00EBB097 /* UIView+Extension.swift in Sources */ = {isa = PBXBuildFile; fileRef = 950A9F77293F485D00EBB097 /* UIView+Extension.swift */; };
		950A9F7C293F4AF800EBB097 /* SnapKit in Frameworks */ = {isa = PBXBuildFile; productRef = 950A9F7B293F4AF800EBB097 /* SnapKit */; };
		950A9F7E293F5D9200EBB097 /* CollectionViewCell.swift in Sources */ = {isa = PBXBuildFile; fileRef = 950A9F7D293F5D9200EBB097 /* CollectionViewCell.swift */; };
		959122F22944899F0069B562 /* WeatherService.swift in Sources */ = {isa = PBXBuildFile; fileRef = 959122F12944899F0069B562 /* WeatherService.swift */; };
		95B54539294879EB00788424 /* String+Extension.swift in Sources */ = {isa = PBXBuildFile; fileRef = 95B54538294879EB00788424 /* String+Extension.swift */; };
		95B5453B2948839400788424 /* UILabel+Extension.swift in Sources */ = {isa = PBXBuildFile; fileRef = 95B5453A2948839400788424 /* UILabel+Extension.swift */; };
		95B545412948C16000788424 /* MapView.swift in Sources */ = {isa = PBXBuildFile; fileRef = 95B545402948C16000788424 /* MapView.swift */; };
		95B545432948C17000788424 /* MapPresenter.swift in Sources */ = {isa = PBXBuildFile; fileRef = 95B545422948C17000788424 /* MapPresenter.swift */; };
		95B545452948C17500788424 /* Router.swift in Sources */ = {isa = PBXBuildFile; fileRef = 95B545442948C17500788424 /* Router.swift */; };
		95B5454F2949F78900788424 /* AddNewCityView.swift in Sources */ = {isa = PBXBuildFile; fileRef = 95B5454E2949F78900788424 /* AddNewCityView.swift */; };
		95B545512949F79000788424 /* AddNewCityPresenter.swift in Sources */ = {isa = PBXBuildFile; fileRef = 95B545502949F79000788424 /* AddNewCityPresenter.swift */; };
		95B545532949F79900788424 /* AddNewCityRouter.swift in Sources */ = {isa = PBXBuildFile; fileRef = 95B545522949F79900788424 /* AddNewCityRouter.swift */; };
		95B54555294A0C4C00788424 /* ModelWeatherCity.swift in Sources */ = {isa = PBXBuildFile; fileRef = 95B54554294A0C4C00788424 /* ModelWeatherCity.swift */; };
		95B54557294A10CA00788424 /* WeatherServiceForSearchCity.swift in Sources */ = {isa = PBXBuildFile; fileRef = 95B54556294A10CA00788424 /* WeatherServiceForSearchCity.swift */; };
		95B54559294A5F3900788424 /* CustomTableViewCell.swift in Sources */ = {isa = PBXBuildFile; fileRef = 95B54558294A5F3900788424 /* CustomTableViewCell.swift */; };
		95E8BE98293FAFF800272C04 /* Poppins-SemiBold.ttf in Resources */ = {isa = PBXBuildFile; fileRef = 95E8BE97293FAFF800272C04 /* Poppins-SemiBold.ttf */; };
		95E8BE9A293FB04E00272C04 /* Poppins-Medium.ttf in Resources */ = {isa = PBXBuildFile; fileRef = 95E8BE99293FB04E00272C04 /* Poppins-Medium.ttf */; };
		95E8BE9D293FB0EB00272C04 /* NetworkManager.swift in Sources */ = {isa = PBXBuildFile; fileRef = 95E8BE9C293FB0EB00272C04 /* NetworkManager.swift */; };
/* End PBXBuildFile section */

/* Begin PBXFileReference section */
		950A9F4F293F31BA00EBB097 /* WeatherApp.app */ = {isa = PBXFileReference; explicitFileType = wrapper.application; includeInIndex = 0; path = WeatherApp.app; sourceTree = BUILT_PRODUCTS_DIR; };
		950A9F52293F31BA00EBB097 /* AppDelegate.swift */ = {isa = PBXFileReference; lastKnownFileType = sourcecode.swift; path = AppDelegate.swift; sourceTree = "<group>"; };
		950A9F54293F31BA00EBB097 /* SceneDelegate.swift */ = {isa = PBXFileReference; lastKnownFileType = sourcecode.swift; path = SceneDelegate.swift; sourceTree = "<group>"; };
		950A9F56293F31BA00EBB097 /* WeatherView.swift */ = {isa = PBXFileReference; lastKnownFileType = sourcecode.swift; path = WeatherView.swift; sourceTree = "<group>"; };
		950A9F5B293F31BC00EBB097 /* Assets.xcassets */ = {isa = PBXFileReference; lastKnownFileType = folder.assetcatalog; path = Assets.xcassets; sourceTree = "<group>"; };
		950A9F5E293F31BC00EBB097 /* Base */ = {isa = PBXFileReference; lastKnownFileType = file.storyboard; name = Base; path = Base.lproj/LaunchScreen.storyboard; sourceTree = "<group>"; };
		950A9F60293F31BC00EBB097 /* Info.plist */ = {isa = PBXFileReference; lastKnownFileType = text.plist.xml; path = Info.plist; sourceTree = "<group>"; };
		950A9F6F293F370600EBB097 /* WeatherPresenter.swift */ = {isa = PBXFileReference; lastKnownFileType = sourcecode.swift; path = WeatherPresenter.swift; sourceTree = "<group>"; };
		950A9F71293F370F00EBB097 /* WeatherRouter.swift */ = {isa = PBXFileReference; lastKnownFileType = sourcecode.swift; path = WeatherRouter.swift; sourceTree = "<group>"; };
		950A9F73293F371400EBB097 /* Model.swift */ = {isa = PBXFileReference; lastKnownFileType = sourcecode.swift; path = Model.swift; sourceTree = "<group>"; };
		950A9F77293F485D00EBB097 /* UIView+Extension.swift */ = {isa = PBXFileReference; lastKnownFileType = sourcecode.swift; path = "UIView+Extension.swift"; sourceTree = "<group>"; };
		950A9F7D293F5D9200EBB097 /* CollectionViewCell.swift */ = {isa = PBXFileReference; lastKnownFileType = sourcecode.swift; path = CollectionViewCell.swift; sourceTree = "<group>"; };
		959122F12944899F0069B562 /* WeatherService.swift */ = {isa = PBXFileReference; lastKnownFileType = sourcecode.swift; path = WeatherService.swift; sourceTree = "<group>"; };
		95B54538294879EB00788424 /* String+Extension.swift */ = {isa = PBXFileReference; lastKnownFileType = sourcecode.swift; path = "String+Extension.swift"; sourceTree = "<group>"; };
		95B5453A2948839400788424 /* UILabel+Extension.swift */ = {isa = PBXFileReference; lastKnownFileType = sourcecode.swift; path = "UILabel+Extension.swift"; sourceTree = "<group>"; };
		95B545402948C16000788424 /* MapView.swift */ = {isa = PBXFileReference; lastKnownFileType = sourcecode.swift; path = MapView.swift; sourceTree = "<group>"; };
		95B545422948C17000788424 /* MapPresenter.swift */ = {isa = PBXFileReference; lastKnownFileType = sourcecode.swift; path = MapPresenter.swift; sourceTree = "<group>"; };
		95B545442948C17500788424 /* Router.swift */ = {isa = PBXFileReference; lastKnownFileType = sourcecode.swift; path = Router.swift; sourceTree = "<group>"; };
		95B5454E2949F78900788424 /* AddNewCityView.swift */ = {isa = PBXFileReference; lastKnownFileType = sourcecode.swift; path = AddNewCityView.swift; sourceTree = "<group>"; };
		95B545502949F79000788424 /* AddNewCityPresenter.swift */ = {isa = PBXFileReference; lastKnownFileType = sourcecode.swift; path = AddNewCityPresenter.swift; sourceTree = "<group>"; };
		95B545522949F79900788424 /* AddNewCityRouter.swift */ = {isa = PBXFileReference; lastKnownFileType = sourcecode.swift; path = AddNewCityRouter.swift; sourceTree = "<group>"; };
		95B54554294A0C4C00788424 /* ModelWeatherCity.swift */ = {isa = PBXFileReference; lastKnownFileType = sourcecode.swift; path = ModelWeatherCity.swift; sourceTree = "<group>"; };
		95B54556294A10CA00788424 /* WeatherServiceForSearchCity.swift */ = {isa = PBXFileReference; lastKnownFileType = sourcecode.swift; path = WeatherServiceForSearchCity.swift; sourceTree = "<group>"; };
		95B54558294A5F3900788424 /* CustomTableViewCell.swift */ = {isa = PBXFileReference; lastKnownFileType = sourcecode.swift; path = CustomTableViewCell.swift; sourceTree = "<group>"; };
		95E8BE97293FAFF800272C04 /* Poppins-SemiBold.ttf */ = {isa = PBXFileReference; lastKnownFileType = file; path = "Poppins-SemiBold.ttf"; sourceTree = "<group>"; };
		95E8BE99293FB04E00272C04 /* Poppins-Medium.ttf */ = {isa = PBXFileReference; lastKnownFileType = file; path = "Poppins-Medium.ttf"; sourceTree = "<group>"; };
		95E8BE9C293FB0EB00272C04 /* NetworkManager.swift */ = {isa = PBXFileReference; lastKnownFileType = sourcecode.swift; path = NetworkManager.swift; sourceTree = "<group>"; };
/* End PBXFileReference section */

/* Begin PBXFrameworksBuildPhase section */
		950A9F4C293F31BA00EBB097 /* Frameworks */ = {
			isa = PBXFrameworksBuildPhase;
			buildActionMask = 2147483647;
			files = (
				950A9F7C293F4AF800EBB097 /* SnapKit in Frameworks */,
			);
			runOnlyForDeploymentPostprocessing = 0;
		};
/* End PBXFrameworksBuildPhase section */

/* Begin PBXGroup section */
		950A9F46293F31BA00EBB097 = {
			isa = PBXGroup;
			children = (
				950A9F51293F31BA00EBB097 /* WeatherApp */,
				950A9F50293F31BA00EBB097 /* Products */,
			);
			sourceTree = "<group>";
		};
		950A9F50293F31BA00EBB097 /* Products */ = {
			isa = PBXGroup;
			children = (
				950A9F4F293F31BA00EBB097 /* WeatherApp.app */,
			);
			name = Products;
			sourceTree = "<group>";
		};
		950A9F51293F31BA00EBB097 /* WeatherApp */ = {
			isa = PBXGroup;
			children = (
				950A9F75293F484700EBB097 /* Helper */,
				950A9F66293F32D800EBB097 /* Delegate */,
				95E8BE9B293FB0C000272C04 /* NetworkLayer */,
				950A9F69293F360B00EBB097 /* MainWeatherScreen */,
				95B5453C2948C08600788424 /* MapScreen */,
				95B545462949F6B900788424 /* AddNewCityScreen */,
				950A9F67293F334500EBB097 /* Utility */,
			);
			path = WeatherApp;
			sourceTree = "<group>";
		};
		950A9F66293F32D800EBB097 /* Delegate */ = {
			isa = PBXGroup;
			children = (
				950A9F52293F31BA00EBB097 /* AppDelegate.swift */,
				950A9F54293F31BA00EBB097 /* SceneDelegate.swift */,
			);
			path = Delegate;
			sourceTree = "<group>";
		};
		950A9F67293F334500EBB097 /* Utility */ = {
			isa = PBXGroup;
			children = (
				950A9F68293F338200EBB097 /* Storyboard */,
				950A9F5B293F31BC00EBB097 /* Assets.xcassets */,
				950A9F60293F31BC00EBB097 /* Info.plist */,
			);
			path = Utility;
			sourceTree = "<group>";
		};
		950A9F68293F338200EBB097 /* Storyboard */ = {
			isa = PBXGroup;
			children = (
				950A9F5D293F31BC00EBB097 /* LaunchScreen.storyboard */,
			);
			path = Storyboard;
			sourceTree = "<group>";
		};
		950A9F69293F360B00EBB097 /* MainWeatherScreen */ = {
			isa = PBXGroup;
			children = (
				950A9F6B293F367900EBB097 /* Model */,
				950A9F6A293F362F00EBB097 /* View */,
				950A9F6D293F369600EBB097 /* Presenter */,
				950A9F6E293F36A000EBB097 /* Router */,
			);
			path = MainWeatherScreen;
			sourceTree = "<group>";
		};
		950A9F6A293F362F00EBB097 /* View */ = {
			isa = PBXGroup;
			children = (
				950A9F56293F31BA00EBB097 /* WeatherView.swift */,
				950A9F7D293F5D9200EBB097 /* CollectionViewCell.swift */,
			);
			path = View;
			sourceTree = "<group>";
		};
		950A9F6B293F367900EBB097 /* Model */ = {
			isa = PBXGroup;
			children = (
				950A9F73293F371400EBB097 /* Model.swift */,
			);
			path = Model;
			sourceTree = "<group>";
		};
		950A9F6D293F369600EBB097 /* Presenter */ = {
			isa = PBXGroup;
			children = (
				950A9F6F293F370600EBB097 /* WeatherPresenter.swift */,
			);
			path = Presenter;
			sourceTree = "<group>";
		};
		950A9F6E293F36A000EBB097 /* Router */ = {
			isa = PBXGroup;
			children = (
				950A9F71293F370F00EBB097 /* WeatherRouter.swift */,
			);
			path = Router;
			sourceTree = "<group>";
		};
		950A9F75293F484700EBB097 /* Helper */ = {
			isa = PBXGroup;
			children = (
				950A9F7F293F785500EBB097 /* Fonts */,
				950A9F76293F485000EBB097 /* Extensions */,
			);
			path = Helper;
			sourceTree = "<group>";
		};
		950A9F76293F485000EBB097 /* Extensions */ = {
			isa = PBXGroup;
			children = (
				950A9F77293F485D00EBB097 /* UIView+Extension.swift */,
				95B54538294879EB00788424 /* String+Extension.swift */,
				95B5453A2948839400788424 /* UILabel+Extension.swift */,
			);
			path = Extensions;
			sourceTree = "<group>";
		};
		950A9F7F293F785500EBB097 /* Fonts */ = {
			isa = PBXGroup;
			children = (
				95E8BE97293FAFF800272C04 /* Poppins-SemiBold.ttf */,
				95E8BE99293FB04E00272C04 /* Poppins-Medium.ttf */,
			);
			path = Fonts;
			sourceTree = "<group>";
		};
		95B5453C2948C08600788424 /* MapScreen */ = {
			isa = PBXGroup;
			children = (
				95B5453D2948C0A500788424 /* View */,
				95B5453E2948C0B800788424 /* Presenter */,
				95B5453F2948C0C600788424 /* Router */,
			);
			path = MapScreen;
			sourceTree = "<group>";
		};
		95B5453D2948C0A500788424 /* View */ = {
			isa = PBXGroup;
			children = (
				95B545402948C16000788424 /* MapView.swift */,
			);
			path = View;
			sourceTree = "<group>";
		};
		95B5453E2948C0B800788424 /* Presenter */ = {
			isa = PBXGroup;
			children = (
				95B545422948C17000788424 /* MapPresenter.swift */,
			);
			path = Presenter;
			sourceTree = "<group>";
		};
		95B5453F2948C0C600788424 /* Router */ = {
			isa = PBXGroup;
			children = (
				95B545442948C17500788424 /* Router.swift */,
			);
			path = Router;
			sourceTree = "<group>";
		};
		95B545462949F6B900788424 /* AddNewCityScreen */ = {
			isa = PBXGroup;
			children = (
				95B545472949F6D000788424 /* Model */,
				95B545482949F6DB00788424 /* View */,
				95B5454A2949F75200788424 /* Presenter */,
				95B5454B2949F75C00788424 /* Router */,
			);
			path = AddNewCityScreen;
			sourceTree = "<group>";
		};
		95B545472949F6D000788424 /* Model */ = {
			isa = PBXGroup;
			children = (
				95B54554294A0C4C00788424 /* ModelWeatherCity.swift */,
			);
			path = Model;
			sourceTree = "<group>";
		};
		95B545482949F6DB00788424 /* View */ = {
			isa = PBXGroup;
			children = (
				95B5454E2949F78900788424 /* AddNewCityView.swift */,
				95B54558294A5F3900788424 /* CustomTableViewCell.swift */,
			);
			name = View;
			sourceTree = "<group>";
		};
		95B5454A2949F75200788424 /* Presenter */ = {
			isa = PBXGroup;
			children = (
				95B545502949F79000788424 /* AddNewCityPresenter.swift */,
			);
			name = Presenter;
			sourceTree = "<group>";
		};
		95B5454B2949F75C00788424 /* Router */ = {
			isa = PBXGroup;
			children = (
				95B545522949F79900788424 /* AddNewCityRouter.swift */,
			);
			path = Router;
			sourceTree = "<group>";
		};
		95E8BE9B293FB0C000272C04 /* NetworkLayer */ = {
			isa = PBXGroup;
			children = (
				95E8BE9C293FB0EB00272C04 /* NetworkManager.swift */,
				959122F12944899F0069B562 /* WeatherService.swift */,
				95B54556294A10CA00788424 /* WeatherServiceForSearchCity.swift */,
			);
			path = NetworkLayer;
			sourceTree = "<group>";
		};
/* End PBXGroup section */

/* Begin PBXNativeTarget section */
		950A9F4E293F31BA00EBB097 /* WeatherApp */ = {
			isa = PBXNativeTarget;
			buildConfigurationList = 950A9F63293F31BC00EBB097 /* Build configuration list for PBXNativeTarget "WeatherApp" */;
			buildPhases = (
				950A9F4B293F31BA00EBB097 /* Sources */,
				950A9F4C293F31BA00EBB097 /* Frameworks */,
				950A9F4D293F31BA00EBB097 /* Resources */,
			);
			buildRules = (
			);
			dependencies = (
			);
			name = WeatherApp;
			packageProductDependencies = (
				950A9F7B293F4AF800EBB097 /* SnapKit */,
			);
			productName = WeatherApp;
			productReference = 950A9F4F293F31BA00EBB097 /* WeatherApp.app */;
			productType = "com.apple.product-type.application";
		};
/* End PBXNativeTarget section */

/* Begin PBXProject section */
		950A9F47293F31BA00EBB097 /* Project object */ = {
			isa = PBXProject;
			attributes = {
				BuildIndependentTargetsInParallel = 1;
				LastSwiftUpdateCheck = 1400;
				LastUpgradeCheck = 1400;
				TargetAttributes = {
					950A9F4E293F31BA00EBB097 = {
						CreatedOnToolsVersion = 14.0.1;
					};
				};
			};
			buildConfigurationList = 950A9F4A293F31BA00EBB097 /* Build configuration list for PBXProject "WeatherApp" */;
			compatibilityVersion = "Xcode 6.3";
			developmentRegion = en;
			hasScannedForEncodings = 0;
			knownRegions = (
				en,
				Base,
			);
			mainGroup = 950A9F46293F31BA00EBB097;
			packageReferences = (
				950A9F7A293F4AF800EBB097 /* XCRemoteSwiftPackageReference "SnapKit" */,
			);
			productRefGroup = 950A9F50293F31BA00EBB097 /* Products */;
			projectDirPath = "";
			projectRoot = "";
			targets = (
				950A9F4E293F31BA00EBB097 /* WeatherApp */,
			);
		};
/* End PBXProject section */

/* Begin PBXResourcesBuildPhase section */
		950A9F4D293F31BA00EBB097 /* Resources */ = {
			isa = PBXResourcesBuildPhase;
			buildActionMask = 2147483647;
			files = (
				950A9F5F293F31BC00EBB097 /* LaunchScreen.storyboard in Resources */,
				95E8BE9A293FB04E00272C04 /* Poppins-Medium.ttf in Resources */,
				95E8BE98293FAFF800272C04 /* Poppins-SemiBold.ttf in Resources */,
				950A9F5C293F31BC00EBB097 /* Assets.xcassets in Resources */,
			);
			runOnlyForDeploymentPostprocessing = 0;
		};
/* End PBXResourcesBuildPhase section */

/* Begin PBXSourcesBuildPhase section */
		950A9F4B293F31BA00EBB097 /* Sources */ = {
			isa = PBXSourcesBuildPhase;
			buildActionMask = 2147483647;
			files = (
				950A9F57293F31BA00EBB097 /* WeatherView.swift in Sources */,
				95B545432948C17000788424 /* MapPresenter.swift in Sources */,
				95B54539294879EB00788424 /* String+Extension.swift in Sources */,
				95B54559294A5F3900788424 /* CustomTableViewCell.swift in Sources */,
				950A9F78293F485D00EBB097 /* UIView+Extension.swift in Sources */,
				959122F22944899F0069B562 /* WeatherService.swift in Sources */,
				95B54557294A10CA00788424 /* WeatherServiceForSearchCity.swift in Sources */,
				95B545412948C16000788424 /* MapView.swift in Sources */,
				950A9F7E293F5D9200EBB097 /* CollectionViewCell.swift in Sources */,
				95B545452948C17500788424 /* Router.swift in Sources */,
				950A9F72293F370F00EBB097 /* WeatherRouter.swift in Sources */,
				95B545512949F79000788424 /* AddNewCityPresenter.swift in Sources */,
				95B54555294A0C4C00788424 /* ModelWeatherCity.swift in Sources */,
				95B545532949F79900788424 /* AddNewCityRouter.swift in Sources */,
				95B5454F2949F78900788424 /* AddNewCityView.swift in Sources */,
				95E8BE9D293FB0EB00272C04 /* NetworkManager.swift in Sources */,
				950A9F70293F370600EBB097 /* WeatherPresenter.swift in Sources */,
				95B5453B2948839400788424 /* UILabel+Extension.swift in Sources */,
				950A9F74293F371400EBB097 /* Model.swift in Sources */,
				950A9F53293F31BA00EBB097 /* AppDelegate.swift in Sources */,
				950A9F55293F31BA00EBB097 /* SceneDelegate.swift in Sources */,
			);
			runOnlyForDeploymentPostprocessing = 0;
		};
/* End PBXSourcesBuildPhase section */

/* Begin PBXVariantGroup section */
		950A9F5D293F31BC00EBB097 /* LaunchScreen.storyboard */ = {
			isa = PBXVariantGroup;
			children = (
				950A9F5E293F31BC00EBB097 /* Base */,
			);
			name = LaunchScreen.storyboard;
			sourceTree = "<group>";
		};
/* End PBXVariantGroup section */

/* Begin XCBuildConfiguration section */
		950A9F61293F31BC00EBB097 /* Debug */ = {
			isa = XCBuildConfiguration;
			buildSettings = {
				ALWAYS_SEARCH_USER_PATHS = NO;
				CLANG_ANALYZER_NONNULL = YES;
				CLANG_ANALYZER_NUMBER_OBJECT_CONVERSION = YES_AGGRESSIVE;
				CLANG_CXX_LANGUAGE_STANDARD = "gnu++20";
				CLANG_ENABLE_MODULES = YES;
				CLANG_ENABLE_OBJC_ARC = YES;
				CLANG_ENABLE_OBJC_WEAK = YES;
				CLANG_WARN_BLOCK_CAPTURE_AUTORELEASING = YES;
				CLANG_WARN_BOOL_CONVERSION = YES;
				CLANG_WARN_COMMA = YES;
				CLANG_WARN_CONSTANT_CONVERSION = YES;
				CLANG_WARN_DEPRECATED_OBJC_IMPLEMENTATIONS = YES;
				CLANG_WARN_DIRECT_OBJC_ISA_USAGE = YES_ERROR;
				CLANG_WARN_DOCUMENTATION_COMMENTS = YES;
				CLANG_WARN_EMPTY_BODY = YES;
				CLANG_WARN_ENUM_CONVERSION = YES;
				CLANG_WARN_INFINITE_RECURSION = YES;
				CLANG_WARN_INT_CONVERSION = YES;
				CLANG_WARN_NON_LITERAL_NULL_CONVERSION = YES;
				CLANG_WARN_OBJC_IMPLICIT_RETAIN_SELF = YES;
				CLANG_WARN_OBJC_LITERAL_CONVERSION = YES;
				CLANG_WARN_OBJC_ROOT_CLASS = YES_ERROR;
				CLANG_WARN_QUOTED_INCLUDE_IN_FRAMEWORK_HEADER = YES;
				CLANG_WARN_RANGE_LOOP_ANALYSIS = YES;
				CLANG_WARN_STRICT_PROTOTYPES = YES;
				CLANG_WARN_SUSPICIOUS_MOVE = YES;
				CLANG_WARN_UNGUARDED_AVAILABILITY = YES_AGGRESSIVE;
				CLANG_WARN_UNREACHABLE_CODE = YES;
				CLANG_WARN__DUPLICATE_METHOD_MATCH = YES;
				COPY_PHASE_STRIP = NO;
				DEBUG_INFORMATION_FORMAT = dwarf;
				ENABLE_STRICT_OBJC_MSGSEND = YES;
				ENABLE_TESTABILITY = YES;
				GCC_C_LANGUAGE_STANDARD = gnu11;
				GCC_DYNAMIC_NO_PIC = NO;
				GCC_NO_COMMON_BLOCKS = YES;
				GCC_OPTIMIZATION_LEVEL = 0;
				GCC_PREPROCESSOR_DEFINITIONS = (
					"DEBUG=1",
					"$(inherited)",
				);
				GCC_WARN_64_TO_32_BIT_CONVERSION = YES;
				GCC_WARN_ABOUT_RETURN_TYPE = YES_ERROR;
				GCC_WARN_UNDECLARED_SELECTOR = YES;
				GCC_WARN_UNINITIALIZED_AUTOS = YES_AGGRESSIVE;
				GCC_WARN_UNUSED_FUNCTION = YES;
				GCC_WARN_UNUSED_VARIABLE = YES;
				IPHONEOS_DEPLOYMENT_TARGET = 16.0;
				MTL_ENABLE_DEBUG_INFO = INCLUDE_SOURCE;
				MTL_FAST_MATH = YES;
				ONLY_ACTIVE_ARCH = YES;
				SDKROOT = iphoneos;
				SWIFT_ACTIVE_COMPILATION_CONDITIONS = DEBUG;
				SWIFT_OPTIMIZATION_LEVEL = "-Onone";
			};
			name = Debug;
		};
		950A9F62293F31BC00EBB097 /* Release */ = {
			isa = XCBuildConfiguration;
			buildSettings = {
				ALWAYS_SEARCH_USER_PATHS = NO;
				CLANG_ANALYZER_NONNULL = YES;
				CLANG_ANALYZER_NUMBER_OBJECT_CONVERSION = YES_AGGRESSIVE;
				CLANG_CXX_LANGUAGE_STANDARD = "gnu++20";
				CLANG_ENABLE_MODULES = YES;
				CLANG_ENABLE_OBJC_ARC = YES;
				CLANG_ENABLE_OBJC_WEAK = YES;
				CLANG_WARN_BLOCK_CAPTURE_AUTORELEASING = YES;
				CLANG_WARN_BOOL_CONVERSION = YES;
				CLANG_WARN_COMMA = YES;
				CLANG_WARN_CONSTANT_CONVERSION = YES;
				CLANG_WARN_DEPRECATED_OBJC_IMPLEMENTATIONS = YES;
				CLANG_WARN_DIRECT_OBJC_ISA_USAGE = YES_ERROR;
				CLANG_WARN_DOCUMENTATION_COMMENTS = YES;
				CLANG_WARN_EMPTY_BODY = YES;
				CLANG_WARN_ENUM_CONVERSION = YES;
				CLANG_WARN_INFINITE_RECURSION = YES;
				CLANG_WARN_INT_CONVERSION = YES;
				CLANG_WARN_NON_LITERAL_NULL_CONVERSION = YES;
				CLANG_WARN_OBJC_IMPLICIT_RETAIN_SELF = YES;
				CLANG_WARN_OBJC_LITERAL_CONVERSION = YES;
				CLANG_WARN_OBJC_ROOT_CLASS = YES_ERROR;
				CLANG_WARN_QUOTED_INCLUDE_IN_FRAMEWORK_HEADER = YES;
				CLANG_WARN_RANGE_LOOP_ANALYSIS = YES;
				CLANG_WARN_STRICT_PROTOTYPES = YES;
				CLANG_WARN_SUSPICIOUS_MOVE = YES;
				CLANG_WARN_UNGUARDED_AVAILABILITY = YES_AGGRESSIVE;
				CLANG_WARN_UNREACHABLE_CODE = YES;
				CLANG_WARN__DUPLICATE_METHOD_MATCH = YES;
				COPY_PHASE_STRIP = NO;
				DEBUG_INFORMATION_FORMAT = "dwarf-with-dsym";
				ENABLE_NS_ASSERTIONS = NO;
				ENABLE_STRICT_OBJC_MSGSEND = YES;
				GCC_C_LANGUAGE_STANDARD = gnu11;
				GCC_NO_COMMON_BLOCKS = YES;
				GCC_WARN_64_TO_32_BIT_CONVERSION = YES;
				GCC_WARN_ABOUT_RETURN_TYPE = YES_ERROR;
				GCC_WARN_UNDECLARED_SELECTOR = YES;
				GCC_WARN_UNINITIALIZED_AUTOS = YES_AGGRESSIVE;
				GCC_WARN_UNUSED_FUNCTION = YES;
				GCC_WARN_UNUSED_VARIABLE = YES;
				IPHONEOS_DEPLOYMENT_TARGET = 16.0;
				MTL_ENABLE_DEBUG_INFO = NO;
				MTL_FAST_MATH = YES;
				SDKROOT = iphoneos;
				SWIFT_COMPILATION_MODE = wholemodule;
				SWIFT_OPTIMIZATION_LEVEL = "-O";
				VALIDATE_PRODUCT = YES;
			};
			name = Release;
		};
		950A9F64293F31BC00EBB097 /* Debug */ = {
			isa = XCBuildConfiguration;
			buildSettings = {
				ASSETCATALOG_COMPILER_APPICON_NAME = AppIcon;
				ASSETCATALOG_COMPILER_GLOBAL_ACCENT_COLOR_NAME = AccentColor;
				CODE_SIGN_STYLE = Automatic;
				CURRENT_PROJECT_VERSION = 1;
				DEVELOPMENT_TEAM = 3HQN9YN4MK;
				GENERATE_INFOPLIST_FILE = YES;
				INFOPLIST_FILE = WeatherApp/Utility/Info.plist;
				INFOPLIST_KEY_NSLocationWhenInUseUsageDescription = "Allow the use of your location";
				INFOPLIST_KEY_UIApplicationSupportsIndirectInputEvents = YES;
				INFOPLIST_KEY_UILaunchStoryboardName = LaunchScreen;
				INFOPLIST_KEY_UISupportedInterfaceOrientations = UIInterfaceOrientationPortrait;
				INFOPLIST_KEY_UISupportedInterfaceOrientations_iPad = "UIInterfaceOrientationLandscapeLeft UIInterfaceOrientationLandscapeRight UIInterfaceOrientationPortrait UIInterfaceOrientationPortraitUpsideDown";
				LD_RUNPATH_SEARCH_PATHS = (
					"$(inherited)",
					"@executable_path/Frameworks",
				);
				MARKETING_VERSION = 1.0;
				PRODUCT_BUNDLE_IDENTIFIER = "------.WeatherApp";
				PRODUCT_NAME = "$(TARGET_NAME)";
				SWIFT_EMIT_LOC_STRINGS = YES;
				SWIFT_VERSION = 5.0;
				TARGETED_DEVICE_FAMILY = "1,2";
			};
			name = Debug;
		};
		950A9F65293F31BC00EBB097 /* Release */ = {
			isa = XCBuildConfiguration;
			buildSettings = {
				ASSETCATALOG_COMPILER_APPICON_NAME = AppIcon;
				ASSETCATALOG_COMPILER_GLOBAL_ACCENT_COLOR_NAME = AccentColor;
				CODE_SIGN_STYLE = Automatic;
				CURRENT_PROJECT_VERSION = 1;
				DEVELOPMENT_TEAM = 3HQN9YN4MK;
				GENERATE_INFOPLIST_FILE = YES;
				INFOPLIST_FILE = WeatherApp/Utility/Info.plist;
				INFOPLIST_KEY_NSLocationWhenInUseUsageDescription = "Allow the use of your location";
				INFOPLIST_KEY_UIApplicationSupportsIndirectInputEvents = YES;
				INFOPLIST_KEY_UILaunchStoryboardName = LaunchScreen;
				INFOPLIST_KEY_UISupportedInterfaceOrientations = UIInterfaceOrientationPortrait;
				INFOPLIST_KEY_UISupportedInterfaceOrientations_iPad = "UIInterfaceOrientationLandscapeLeft UIInterfaceOrientationLandscapeRight UIInterfaceOrientationPortrait UIInterfaceOrientationPortraitUpsideDown";
				LD_RUNPATH_SEARCH_PATHS = (
					"$(inherited)",
					"@executable_path/Frameworks",
				);
				MARKETING_VERSION = 1.0;
				PRODUCT_BUNDLE_IDENTIFIER = "------.WeatherApp";
				PRODUCT_NAME = "$(TARGET_NAME)";
				SWIFT_EMIT_LOC_STRINGS = YES;
				SWIFT_VERSION = 5.0;
				TARGETED_DEVICE_FAMILY = "1,2";
			};
			name = Release;
		};
/* End XCBuildConfiguration section */

/* Begin XCConfigurationList section */
		950A9F4A293F31BA00EBB097 /* Build configuration list for PBXProject "WeatherApp" */ = {
			isa = XCConfigurationList;
			buildConfigurations = (
				950A9F61293F31BC00EBB097 /* Debug */,
				950A9F62293F31BC00EBB097 /* Release */,
			);
			defaultConfigurationIsVisible = 0;
			defaultConfigurationName = Release;
		};
		950A9F63293F31BC00EBB097 /* Build configuration list for PBXNativeTarget "WeatherApp" */ = {
			isa = XCConfigurationList;
			buildConfigurations = (
				950A9F64293F31BC00EBB097 /* Debug */,
				950A9F65293F31BC00EBB097 /* Release */,
			);
			defaultConfigurationIsVisible = 0;
			defaultConfigurationName = Release;
		};
/* End XCConfigurationList section */

/* Begin XCRemoteSwiftPackageReference section */
		950A9F7A293F4AF800EBB097 /* XCRemoteSwiftPackageReference "SnapKit" */ = {
			isa = XCRemoteSwiftPackageReference;
			repositoryURL = "https://github.com/SnapKit/SnapKit";
			requirement = {
				branch = develop;
				kind = branch;
			};
		};
/* End XCRemoteSwiftPackageReference section */

/* Begin XCSwiftPackageProductDependency section */
		950A9F7B293F4AF800EBB097 /* SnapKit */ = {
			isa = XCSwiftPackageProductDependency;
			package = 950A9F7A293F4AF800EBB097 /* XCRemoteSwiftPackageReference "SnapKit" */;
			productName = SnapKit;
		};
/* End XCSwiftPackageProductDependency section */
	};
	rootObject = 950A9F47293F31BA00EBB097 /* Project object */;
}
